{
  "name": "@writetome51/number-analysis-basic",
  "version": "1.0.1",
  "lockfileVersion": 1,
  "requires": true,
  "dependencies": {
    "@writetome51/not": {
      "version": "1.0.3",
      "resolved": "https://registry.npmjs.org/@writetome51/not/-/not-1.0.3.tgz",
      "integrity": "sha512-MJrh50byG0cBuqhrSRMYxGGmYr5BVb7T6OmFeqL8pFuNUFh/lUIXFXScsYM0jlVYmKDhnYJg+QZTOFvvCdzuRw=="
    },
    "basic-data-handling": {
      "version": "1.0.10",
      "resolved": "https://registry.npmjs.org/basic-data-handling/-/basic-data-handling-1.0.10.tgz",
      "integrity": "sha512-NKsdi16famaztrlVVmo7ee364OHtziB9rOjURERR/bicutlgKwSgoTQjusOnrJYha/mW7HbjcKwU3TZ7td0mdg=="
    },
    "error-if-array-item-is-not-number": {
      "version": "1.0.1",
      "resolved": "https://registry.npmjs.org/error-if-array-item-is-not-number/-/error-if-array-item-is-not-number-1.0.1.tgz",
      "integrity": "sha512-FIY6zBHJyf0dTd/tYvZJ34yWc8OSKE9n/UgWAoJwyrZfvKKxME0FyGXu3TEl+fugfmUwN9ckcihHrsAndGU6Pw==",
      "requires": {
        "@writetome51/not": "^1.0.3",
        "basic-data-handling": "^1.0.10"
      }
    },
    "error-if-not-populated-array": {
      "version": "1.0.0",
      "resolved": "https://registry.npmjs.org/error-if-not-populated-array/-/error-if-not-populated-array-1.0.0.tgz",
      "integrity": "sha512-MFSzXiKW7NfuDW4L1Cw6BO5Fb65I0poOefRNTEoa40UdpzljNHQnfchVr2bNjqboxRrEHcYBIz85mxCC+wSrFg==",
      "requires": {
        "basic-data-handling": "^1.0.10"
      }
    }
  }
}
